// !$*UTF8*$!
{
	archiveVersion = 1;
	classes = {
	};
	objectVersion = 50;
	objects = {

/* Begin PBXBuildFile section */
		AC84AD93533D4319982E7F35 /* libPods-fb-timetable.a in Frameworks */ = {isa = PBXBuildFile; fileRef = DA8B78969EDA022ABC9F4554 /* libPods-fb-timetable.a */; };
		E815253620FDF55900DB4BF4 /* UIView+AutoLayout.m in Sources */ = {isa = PBXBuildFile; fileRef = E815253520FDF55900DB4BF4 /* UIView+AutoLayout.m */; };
		E815254E20FF353900DB4BF4 /* FBRouteStopTableViewCell.m in Sources */ = {isa = PBXBuildFile; fileRef = E815254D20FF353900DB4BF4 /* FBRouteStopTableViewCell.m */; };
		E815255120FF39F700DB4BF4 /* UIColor+Hex.m in Sources */ = {isa = PBXBuildFile; fileRef = E815255020FF39F700DB4BF4 /* UIColor+Hex.m */; };
		E815255420FF4A3200DB4BF4 /* FBSectionHeaderView.m in Sources */ = {isa = PBXBuildFile; fileRef = E815255320FF4A3200DB4BF4 /* FBSectionHeaderView.m */; };
		E834328220FD05EF00B86759 /* FBRouteStop.m in Sources */ = {isa = PBXBuildFile; fileRef = E834328120FD05EF00B86759 /* FBRouteStop.m */; };
		E834328520FD06E600B86759 /* FBDateTime.m in Sources */ = {isa = PBXBuildFile; fileRef = E834328420FD06E600B86759 /* FBDateTime.m */; };
		E862D6C720FB545600CEA180 /* FBModelObject.m in Sources */ = {isa = PBXBuildFile; fileRef = E862D6C620FB545600CEA180 /* FBModelObject.m */; };
		E862D6CC20FB55FF00CEA180 /* FBApiManager.m in Sources */ = {isa = PBXBuildFile; fileRef = E862D6CB20FB55FF00CEA180 /* FBApiManager.m */; };
		E862D6CF20FB57A800CEA180 /* FBApiSettings.m in Sources */ = {isa = PBXBuildFile; fileRef = E862D6CE20FB57A800CEA180 /* FBApiSettings.m */; };
		E862D6D220FB5B6300CEA180 /* FBAPIInitializer.m in Sources */ = {isa = PBXBuildFile; fileRef = E862D6D120FB5B6300CEA180 /* FBAPIInitializer.m */; };
		E862D6D520FB5F3600CEA180 /* FBRouteTimetable.m in Sources */ = {isa = PBXBuildFile; fileRef = E862D6D420FB5F3600CEA180 /* FBRouteTimetable.m */; };
		E862D6D920FB782B00CEA180 /* FBStation.m in Sources */ = {isa = PBXBuildFile; fileRef = E862D6D820FB782B00CEA180 /* FBStation.m */; };
		E862D6DC20FB795100CEA180 /* FBCoordinate.m in Sources */ = {isa = PBXBuildFile; fileRef = E862D6DB20FB795100CEA180 /* FBCoordinate.m */; };
		E882B83D20FA99710067D9C0 /* AppDelegate.m in Sources */ = {isa = PBXBuildFile; fileRef = E882B83C20FA99710067D9C0 /* AppDelegate.m */; };
		E882B84020FA99710067D9C0 /* MainViewController.m in Sources */ = {isa = PBXBuildFile; fileRef = E882B83F20FA99710067D9C0 /* MainViewController.m */; };
		E882B84520FA99720067D9C0 /* Assets.xcassets in Resources */ = {isa = PBXBuildFile; fileRef = E882B84420FA99720067D9C0 /* Assets.xcassets */; };
		E882B84820FA99720067D9C0 /* LaunchScreen.storyboard in Resources */ = {isa = PBXBuildFile; fileRef = E882B84620FA99720067D9C0 /* LaunchScreen.storyboard */; };
		E882B84B20FA99720067D9C0 /* main.m in Sources */ = {isa = PBXBuildFile; fileRef = E882B84A20FA99720067D9C0 /* main.m */; };
		E882B85520FA99720067D9C0 /* fb_timetableTests.m in Sources */ = {isa = PBXBuildFile; fileRef = E882B85420FA99720067D9C0 /* fb_timetableTests.m */; };
		E8C968972100A24A00DADFC1 /* FBSplashView.m in Sources */ = {isa = PBXBuildFile; fileRef = E8C968962100A24A00DADFC1 /* FBSplashView.m */; };
		E8C968A9210124D900DADFC1 /* FBCommonHelpers.m in Sources */ = {isa = PBXBuildFile; fileRef = E8EFB5F020FF84C300131CB5 /* FBCommonHelpers.m */; };
		E8EFB5E720FF802800131CB5 /* FBRouteCellModel.m in Sources */ = {isa = PBXBuildFile; fileRef = E8EFB5E620FF802800131CB5 /* FBRouteCellModel.m */; };
		E8EFB5EA20FF803700131CB5 /* FBRouteTableModel.m in Sources */ = {isa = PBXBuildFile; fileRef = E8EFB5E920FF803700131CB5 /* FBRouteTableModel.m */; };
		E8EFB5ED20FF80AC00131CB5 /* FBRouteSectionModel.m in Sources */ = {isa = PBXBuildFile; fileRef = E8EFB5EC20FF80AC00131CB5 /* FBRouteSectionModel.m */; };
		E8EFB5F120FF84C300131CB5 /* FBCommonHelpers.m in Sources */ = {isa = PBXBuildFile; fileRef = E8EFB5F020FF84C300131CB5 /* FBCommonHelpers.m */; };
/* End PBXBuildFile section */

/* Begin PBXContainerItemProxy section */
		E882B85120FA99720067D9C0 /* PBXContainerItemProxy */ = {
			isa = PBXContainerItemProxy;
			containerPortal = E882B83020FA99710067D9C0 /* Project object */;
			proxyType = 1;
			remoteGlobalIDString = E882B83720FA99710067D9C0;
			remoteInfo = "fb-timetable";
		};
/* End PBXContainerItemProxy section */

/* Begin PBXFileReference section */
		888FC5B14AC0AF1F7D7A3E56 /* Pods-fb-timetable.debug.xcconfig */ = {isa = PBXFileReference; includeInIndex = 1; lastKnownFileType = text.xcconfig; name = "Pods-fb-timetable.debug.xcconfig"; path = "Pods/Target Support Files/Pods-fb-timetable/Pods-fb-timetable.debug.xcconfig"; sourceTree = "<group>"; };
		A82012B484F8EAD4B765F2CE /* Pods-fb-timetable.release.xcconfig */ = {isa = PBXFileReference; includeInIndex = 1; lastKnownFileType = text.xcconfig; name = "Pods-fb-timetable.release.xcconfig"; path = "Pods/Target Support Files/Pods-fb-timetable/Pods-fb-timetable.release.xcconfig"; sourceTree = "<group>"; };
		DA8B78969EDA022ABC9F4554 /* libPods-fb-timetable.a */ = {isa = PBXFileReference; explicitFileType = archive.ar; includeInIndex = 0; path = "libPods-fb-timetable.a"; sourceTree = BUILT_PRODUCTS_DIR; };
		E815253420FDF55900DB4BF4 /* UIView+AutoLayout.h */ = {isa = PBXFileReference; fileEncoding = 4; lastKnownFileType = sourcecode.c.h; path = "UIView+AutoLayout.h"; sourceTree = "<group>"; };
		E815253520FDF55900DB4BF4 /* UIView+AutoLayout.m */ = {isa = PBXFileReference; fileEncoding = 4; lastKnownFileType = sourcecode.c.objc; path = "UIView+AutoLayout.m"; sourceTree = "<group>"; };
		E815254C20FF353900DB4BF4 /* FBRouteStopTableViewCell.h */ = {isa = PBXFileReference; lastKnownFileType = sourcecode.c.h; path = FBRouteStopTableViewCell.h; sourceTree = "<group>"; };
		E815254D20FF353900DB4BF4 /* FBRouteStopTableViewCell.m */ = {isa = PBXFileReference; lastKnownFileType = sourcecode.c.objc; path = FBRouteStopTableViewCell.m; sourceTree = "<group>"; };
		E815254F20FF39F700DB4BF4 /* UIColor+Hex.h */ = {isa = PBXFileReference; lastKnownFileType = sourcecode.c.h; path = "UIColor+Hex.h"; sourceTree = "<group>"; };
		E815255020FF39F700DB4BF4 /* UIColor+Hex.m */ = {isa = PBXFileReference; lastKnownFileType = sourcecode.c.objc; path = "UIColor+Hex.m"; sourceTree = "<group>"; };
		E815255220FF4A3200DB4BF4 /* FBSectionHeaderView.h */ = {isa = PBXFileReference; lastKnownFileType = sourcecode.c.h; path = FBSectionHeaderView.h; sourceTree = "<group>"; };
		E815255320FF4A3200DB4BF4 /* FBSectionHeaderView.m */ = {isa = PBXFileReference; lastKnownFileType = sourcecode.c.objc; path = FBSectionHeaderView.m; sourceTree = "<group>"; };
		E834328020FD05EF00B86759 /* FBRouteStop.h */ = {isa = PBXFileReference; lastKnownFileType = sourcecode.c.h; path = FBRouteStop.h; sourceTree = "<group>"; };
		E834328120FD05EF00B86759 /* FBRouteStop.m */ = {isa = PBXFileReference; lastKnownFileType = sourcecode.c.objc; path = FBRouteStop.m; sourceTree = "<group>"; };
		E834328320FD06E600B86759 /* FBDateTime.h */ = {isa = PBXFileReference; lastKnownFileType = sourcecode.c.h; path = FBDateTime.h; sourceTree = "<group>"; };
		E834328420FD06E600B86759 /* FBDateTime.m */ = {isa = PBXFileReference; lastKnownFileType = sourcecode.c.objc; path = FBDateTime.m; sourceTree = "<group>"; };
		E862D6C520FB545600CEA180 /* FBModelObject.h */ = {isa = PBXFileReference; lastKnownFileType = sourcecode.c.h; path = FBModelObject.h; sourceTree = "<group>"; };
		E862D6C620FB545600CEA180 /* FBModelObject.m */ = {isa = PBXFileReference; lastKnownFileType = sourcecode.c.objc; path = FBModelObject.m; sourceTree = "<group>"; };
		E862D6CA20FB55FF00CEA180 /* FBApiManager.h */ = {isa = PBXFileReference; lastKnownFileType = sourcecode.c.h; path = FBApiManager.h; sourceTree = "<group>"; };
		E862D6CB20FB55FF00CEA180 /* FBApiManager.m */ = {isa = PBXFileReference; lastKnownFileType = sourcecode.c.objc; path = FBApiManager.m; sourceTree = "<group>"; };
		E862D6CD20FB57A800CEA180 /* FBApiSettings.h */ = {isa = PBXFileReference; lastKnownFileType = sourcecode.c.h; path = FBApiSettings.h; sourceTree = "<group>"; };
		E862D6CE20FB57A800CEA180 /* FBApiSettings.m */ = {isa = PBXFileReference; lastKnownFileType = sourcecode.c.objc; path = FBApiSettings.m; sourceTree = "<group>"; };
		E862D6D020FB5B6300CEA180 /* FBAPIInitializer.h */ = {isa = PBXFileReference; lastKnownFileType = sourcecode.c.h; path = FBAPIInitializer.h; sourceTree = "<group>"; };
		E862D6D120FB5B6300CEA180 /* FBAPIInitializer.m */ = {isa = PBXFileReference; lastKnownFileType = sourcecode.c.objc; path = FBAPIInitializer.m; sourceTree = "<group>"; };
		E862D6D320FB5F3600CEA180 /* FBRouteTimetable.h */ = {isa = PBXFileReference; lastKnownFileType = sourcecode.c.h; path = FBRouteTimetable.h; sourceTree = "<group>"; };
		E862D6D420FB5F3600CEA180 /* FBRouteTimetable.m */ = {isa = PBXFileReference; lastKnownFileType = sourcecode.c.objc; path = FBRouteTimetable.m; sourceTree = "<group>"; };
		E862D6D720FB782B00CEA180 /* FBStation.h */ = {isa = PBXFileReference; lastKnownFileType = sourcecode.c.h; path = FBStation.h; sourceTree = "<group>"; };
		E862D6D820FB782B00CEA180 /* FBStation.m */ = {isa = PBXFileReference; lastKnownFileType = sourcecode.c.objc; path = FBStation.m; sourceTree = "<group>"; };
		E862D6DA20FB795100CEA180 /* FBCoordinate.h */ = {isa = PBXFileReference; lastKnownFileType = sourcecode.c.h; path = FBCoordinate.h; sourceTree = "<group>"; };
		E862D6DB20FB795100CEA180 /* FBCoordinate.m */ = {isa = PBXFileReference; lastKnownFileType = sourcecode.c.objc; path = FBCoordinate.m; sourceTree = "<group>"; };
		E882B83820FA99710067D9C0 /* fb-timetable.app */ = {isa = PBXFileReference; explicitFileType = wrapper.application; includeInIndex = 0; path = "fb-timetable.app"; sourceTree = BUILT_PRODUCTS_DIR; };
		E882B83B20FA99710067D9C0 /* AppDelegate.h */ = {isa = PBXFileReference; lastKnownFileType = sourcecode.c.h; path = AppDelegate.h; sourceTree = "<group>"; };
		E882B83C20FA99710067D9C0 /* AppDelegate.m */ = {isa = PBXFileReference; lastKnownFileType = sourcecode.c.objc; path = AppDelegate.m; sourceTree = "<group>"; };
		E882B83E20FA99710067D9C0 /* MainViewController.h */ = {isa = PBXFileReference; lastKnownFileType = sourcecode.c.h; path = MainViewController.h; sourceTree = "<group>"; };
		E882B83F20FA99710067D9C0 /* MainViewController.m */ = {isa = PBXFileReference; lastKnownFileType = sourcecode.c.objc; path = MainViewController.m; sourceTree = "<group>"; };
		E882B84420FA99720067D9C0 /* Assets.xcassets */ = {isa = PBXFileReference; lastKnownFileType = folder.assetcatalog; path = Assets.xcassets; sourceTree = "<group>"; };
		E882B84720FA99720067D9C0 /* Base */ = {isa = PBXFileReference; lastKnownFileType = file.storyboard; name = Base; path = Base.lproj/LaunchScreen.storyboard; sourceTree = "<group>"; };
		E882B84920FA99720067D9C0 /* Info.plist */ = {isa = PBXFileReference; lastKnownFileType = text.plist.xml; path = Info.plist; sourceTree = "<group>"; };
		E882B84A20FA99720067D9C0 /* main.m */ = {isa = PBXFileReference; lastKnownFileType = sourcecode.c.objc; path = main.m; sourceTree = "<group>"; };
		E882B85020FA99720067D9C0 /* fb-timetableTests.xctest */ = {isa = PBXFileReference; explicitFileType = wrapper.cfbundle; includeInIndex = 0; path = "fb-timetableTests.xctest"; sourceTree = BUILT_PRODUCTS_DIR; };
		E882B85420FA99720067D9C0 /* fb_timetableTests.m */ = {isa = PBXFileReference; lastKnownFileType = sourcecode.c.objc; path = fb_timetableTests.m; sourceTree = "<group>"; };
		E882B85620FA99720067D9C0 /* Info.plist */ = {isa = PBXFileReference; lastKnownFileType = text.plist.xml; path = Info.plist; sourceTree = "<group>"; };
		E8C968952100A24A00DADFC1 /* FBSplashView.h */ = {isa = PBXFileReference; lastKnownFileType = sourcecode.c.h; path = FBSplashView.h; sourceTree = "<group>"; };
		E8C968962100A24A00DADFC1 /* FBSplashView.m */ = {isa = PBXFileReference; lastKnownFileType = sourcecode.c.objc; path = FBSplashView.m; sourceTree = "<group>"; };
		E8EFB5E520FF802800131CB5 /* FBRouteCellModel.h */ = {isa = PBXFileReference; lastKnownFileType = sourcecode.c.h; path = FBRouteCellModel.h; sourceTree = "<group>"; };
		E8EFB5E620FF802800131CB5 /* FBRouteCellModel.m */ = {isa = PBXFileReference; lastKnownFileType = sourcecode.c.objc; path = FBRouteCellModel.m; sourceTree = "<group>"; };
		E8EFB5E820FF803700131CB5 /* FBRouteTableModel.h */ = {isa = PBXFileReference; lastKnownFileType = sourcecode.c.h; path = FBRouteTableModel.h; sourceTree = "<group>"; };
		E8EFB5E920FF803700131CB5 /* FBRouteTableModel.m */ = {isa = PBXFileReference; lastKnownFileType = sourcecode.c.objc; path = FBRouteTableModel.m; sourceTree = "<group>"; };
		E8EFB5EB20FF80AC00131CB5 /* FBRouteSectionModel.h */ = {isa = PBXFileReference; lastKnownFileType = sourcecode.c.h; path = FBRouteSectionModel.h; sourceTree = "<group>"; };
		E8EFB5EC20FF80AC00131CB5 /* FBRouteSectionModel.m */ = {isa = PBXFileReference; lastKnownFileType = sourcecode.c.objc; path = FBRouteSectionModel.m; sourceTree = "<group>"; };
		E8EFB5EF20FF84C300131CB5 /* FBCommonHelpers.h */ = {isa = PBXFileReference; lastKnownFileType = sourcecode.c.h; path = FBCommonHelpers.h; sourceTree = "<group>"; };
		E8EFB5F020FF84C300131CB5 /* FBCommonHelpers.m */ = {isa = PBXFileReference; lastKnownFileType = sourcecode.c.objc; path = FBCommonHelpers.m; sourceTree = "<group>"; };
/* End PBXFileReference section */

/* Begin PBXFrameworksBuildPhase section */
		E882B83520FA99710067D9C0 /* Frameworks */ = {
			isa = PBXFrameworksBuildPhase;
			buildActionMask = 2147483647;
			files = (
				AC84AD93533D4319982E7F35 /* libPods-fb-timetable.a in Frameworks */,
			);
			runOnlyForDeploymentPostprocessing = 0;
		};
		E882B84D20FA99720067D9C0 /* Frameworks */ = {
			isa = PBXFrameworksBuildPhase;
			buildActionMask = 2147483647;
			files = (
			);
			runOnlyForDeploymentPostprocessing = 0;
		};
/* End PBXFrameworksBuildPhase section */

/* Begin PBXGroup section */
		471618C6EDBB64E48D64D7C2 /* Pods */ = {
			isa = PBXGroup;
			children = (
				888FC5B14AC0AF1F7D7A3E56 /* Pods-fb-timetable.debug.xcconfig */,
				A82012B484F8EAD4B765F2CE /* Pods-fb-timetable.release.xcconfig */,
			);
			name = Pods;
			sourceTree = "<group>";
		};
		72053A97C5EF7213FE10DE35 /* Frameworks */ = {
			isa = PBXGroup;
			children = (
				DA8B78969EDA022ABC9F4554 /* libPods-fb-timetable.a */,
			);
			name = Frameworks;
			sourceTree = "<group>";
		};
		E815253320FDF53A00DB4BF4 /* Categories */ = {
			isa = PBXGroup;
			children = (
				E815253420FDF55900DB4BF4 /* UIView+AutoLayout.h */,
				E815253520FDF55900DB4BF4 /* UIView+AutoLayout.m */,
				E815254F20FF39F700DB4BF4 /* UIColor+Hex.h */,
				E815255020FF39F700DB4BF4 /* UIColor+Hex.m */,
			);
			path = Categories;
			sourceTree = "<group>";
		};
		E815254B20FF34F000DB4BF4 /* Views */ = {
			isa = PBXGroup;
			children = (
				E815254C20FF353900DB4BF4 /* FBRouteStopTableViewCell.h */,
				E815254D20FF353900DB4BF4 /* FBRouteStopTableViewCell.m */,
				E815255220FF4A3200DB4BF4 /* FBSectionHeaderView.h */,
				E815255320FF4A3200DB4BF4 /* FBSectionHeaderView.m */,
			);
			path = Views;
			sourceTree = "<group>";
		};
		E862D6B320FB4E6E00CEA180 /* API */ = {
			isa = PBXGroup;
			children = (
				E862D6C520FB545600CEA180 /* FBModelObject.h */,
				E862D6C620FB545600CEA180 /* FBModelObject.m */,
				E862D6CA20FB55FF00CEA180 /* FBApiManager.h */,
				E862D6CB20FB55FF00CEA180 /* FBApiManager.m */,
				E862D6CD20FB57A800CEA180 /* FBApiSettings.h */,
				E862D6CE20FB57A800CEA180 /* FBApiSettings.m */,
				E862D6D020FB5B6300CEA180 /* FBAPIInitializer.h */,
				E862D6D120FB5B6300CEA180 /* FBAPIInitializer.m */,
			);
			path = API;
			sourceTree = "<group>";
		};
		E862D6D620FB6DCB00CEA180 /* Models */ = {
			isa = PBXGroup;
			children = (
				E862D6D320FB5F3600CEA180 /* FBRouteTimetable.h */,
				E862D6D420FB5F3600CEA180 /* FBRouteTimetable.m */,
				E862D6D720FB782B00CEA180 /* FBStation.h */,
				E862D6D820FB782B00CEA180 /* FBStation.m */,
				E862D6DA20FB795100CEA180 /* FBCoordinate.h */,
				E862D6DB20FB795100CEA180 /* FBCoordinate.m */,
				E834328020FD05EF00B86759 /* FBRouteStop.h */,
				E834328120FD05EF00B86759 /* FBRouteStop.m */,
				E834328320FD06E600B86759 /* FBDateTime.h */,
				E834328420FD06E600B86759 /* FBDateTime.m */,
			);
			path = Models;
			sourceTree = "<group>";
		};
		E882B82F20FA99710067D9C0 = {
			isa = PBXGroup;
			children = (
				E882B83A20FA99710067D9C0 /* fb-timetable */,
				E882B85320FA99720067D9C0 /* fb-timetableTests */,
				E882B83920FA99710067D9C0 /* Products */,
				471618C6EDBB64E48D64D7C2 /* Pods */,
				72053A97C5EF7213FE10DE35 /* Frameworks */,
			);
			sourceTree = "<group>";
		};
		E882B83920FA99710067D9C0 /* Products */ = {
			isa = PBXGroup;
			children = (
				E882B83820FA99710067D9C0 /* fb-timetable.app */,
				E882B85020FA99720067D9C0 /* fb-timetableTests.xctest */,
			);
			name = Products;
			sourceTree = "<group>";
		};
		E882B83A20FA99710067D9C0 /* fb-timetable */ = {
			isa = PBXGroup;
			children = (
				E8EFB5F220FFCE8600131CB5 /* Core */,
				E815254B20FF34F000DB4BF4 /* Views */,
				E862D6D620FB6DCB00CEA180 /* Models */,
				E8EFB5E420FF7EB500131CB5 /* ViewModels */,
				E862D6B320FB4E6E00CEA180 /* API */,
				E815253320FDF53A00DB4BF4 /* Categories */,
				E8EFB5EE20FF84AC00131CB5 /* Helpers */,
				E882B84920FA99720067D9C0 /* Info.plist */,
			);
			path = "fb-timetable";
			sourceTree = "<group>";
		};
		E882B85320FA99720067D9C0 /* fb-timetableTests */ = {
			isa = PBXGroup;
			children = (
				E882B85420FA99720067D9C0 /* fb_timetableTests.m */,
				E882B85620FA99720067D9C0 /* Info.plist */,
			);
			path = "fb-timetableTests";
			sourceTree = "<group>";
		};
		E8C968942100A22100DADFC1 /* Animated-Splash */ = {
			isa = PBXGroup;
			children = (
				E8C968952100A24A00DADFC1 /* FBSplashView.h */,
				E8C968962100A24A00DADFC1 /* FBSplashView.m */,
			);
			path = "Animated-Splash";
			sourceTree = "<group>";
		};
		E8EFB5E420FF7EB500131CB5 /* ViewModels */ = {
			isa = PBXGroup;
			children = (
				E8EFB5E520FF802800131CB5 /* FBRouteCellModel.h */,
				E8EFB5E620FF802800131CB5 /* FBRouteCellModel.m */,
				E8EFB5E820FF803700131CB5 /* FBRouteTableModel.h */,
				E8EFB5E920FF803700131CB5 /* FBRouteTableModel.m */,
				E8EFB5EB20FF80AC00131CB5 /* FBRouteSectionModel.h */,
				E8EFB5EC20FF80AC00131CB5 /* FBRouteSectionModel.m */,
			);
			path = ViewModels;
			sourceTree = "<group>";
		};
		E8EFB5EE20FF84AC00131CB5 /* Helpers */ = {
			isa = PBXGroup;
			children = (
				E8EFB5EF20FF84C300131CB5 /* FBCommonHelpers.h */,
				E8EFB5F020FF84C300131CB5 /* FBCommonHelpers.m */,
			);
			path = Helpers;
			sourceTree = "<group>";
		};
		E8EFB5F220FFCE8600131CB5 /* Core */ = {
			isa = PBXGroup;
			children = (
				E8C968942100A22100DADFC1 /* Animated-Splash */,
				E882B83B20FA99710067D9C0 /* AppDelegate.h */,
				E882B83C20FA99710067D9C0 /* AppDelegate.m */,
				E882B83E20FA99710067D9C0 /* MainViewController.h */,
				E882B83F20FA99710067D9C0 /* MainViewController.m */,
				E882B84420FA99720067D9C0 /* Assets.xcassets */,
				E882B84620FA99720067D9C0 /* LaunchScreen.storyboard */,
				E882B84A20FA99720067D9C0 /* main.m */,
			);
			path = Core;
			sourceTree = "<group>";
		};
/* End PBXGroup section */

/* Begin PBXNativeTarget section */
		E882B83720FA99710067D9C0 /* fb-timetable */ = {
			isa = PBXNativeTarget;
			buildConfigurationList = E882B86420FA99720067D9C0 /* Build configuration list for PBXNativeTarget "fb-timetable" */;
			buildPhases = (
				6953DA7064D2892572F0D74B /* [CP] Check Pods Manifest.lock */,
				E882B83420FA99710067D9C0 /* Sources */,
				E882B83520FA99710067D9C0 /* Frameworks */,
				E882B83620FA99710067D9C0 /* Resources */,
			);
			buildRules = (
			);
			dependencies = (
			);
			name = "fb-timetable";
			productName = "fb-timetable";
			productReference = E882B83820FA99710067D9C0 /* fb-timetable.app */;
			productType = "com.apple.product-type.application";
		};
		E882B84F20FA99720067D9C0 /* fb-timetableTests */ = {
			isa = PBXNativeTarget;
			buildConfigurationList = E882B86720FA99720067D9C0 /* Build configuration list for PBXNativeTarget "fb-timetableTests" */;
			buildPhases = (
				E882B84C20FA99720067D9C0 /* Sources */,
				E882B84D20FA99720067D9C0 /* Frameworks */,
				E882B84E20FA99720067D9C0 /* Resources */,
			);
			buildRules = (
			);
			dependencies = (
				E882B85220FA99720067D9C0 /* PBXTargetDependency */,
			);
			name = "fb-timetableTests";
			productName = "fb-timetableTests";
			productReference = E882B85020FA99720067D9C0 /* fb-timetableTests.xctest */;
			productType = "com.apple.product-type.bundle.unit-test";
		};
/* End PBXNativeTarget section */

/* Begin PBXProject section */
		E882B83020FA99710067D9C0 /* Project object */ = {
			isa = PBXProject;
			attributes = {
				LastUpgradeCheck = 0940;
				ORGANIZATIONNAME = acyooman;
				TargetAttributes = {
					E882B83720FA99710067D9C0 = {
						CreatedOnToolsVersion = 9.4;
					};
					E882B84F20FA99720067D9C0 = {
						CreatedOnToolsVersion = 9.4;
						TestTargetID = E882B83720FA99710067D9C0;
					};
				};
			};
			buildConfigurationList = E882B83320FA99710067D9C0 /* Build configuration list for PBXProject "fb-timetable" */;
			compatibilityVersion = "Xcode 9.3";
			developmentRegion = en;
			hasScannedForEncodings = 0;
			knownRegions = (
				en,
				Base,
			);
			mainGroup = E882B82F20FA99710067D9C0;
			productRefGroup = E882B83920FA99710067D9C0 /* Products */;
			projectDirPath = "";
			projectRoot = "";
			targets = (
				E882B83720FA99710067D9C0 /* fb-timetable */,
				E882B84F20FA99720067D9C0 /* fb-timetableTests */,
			);
		};
/* End PBXProject section */

/* Begin PBXResourcesBuildPhase section */
		E882B83620FA99710067D9C0 /* Resources */ = {
			isa = PBXResourcesBuildPhase;
			buildActionMask = 2147483647;
			files = (
				E882B84820FA99720067D9C0 /* LaunchScreen.storyboard in Resources */,
				E882B84520FA99720067D9C0 /* Assets.xcassets in Resources */,
			);
			runOnlyForDeploymentPostprocessing = 0;
		};
		E882B84E20FA99720067D9C0 /* Resources */ = {
			isa = PBXResourcesBuildPhase;
			buildActionMask = 2147483647;
			files = (
			);
			runOnlyForDeploymentPostprocessing = 0;
		};
/* End PBXResourcesBuildPhase section */

/* Begin PBXShellScriptBuildPhase section */
		6953DA7064D2892572F0D74B /* [CP] Check Pods Manifest.lock */ = {
			isa = PBXShellScriptBuildPhase;
			buildActionMask = 2147483647;
			files = (
			);
			inputPaths = (
				"${PODS_PODFILE_DIR_PATH}/Podfile.lock",
				"${PODS_ROOT}/Manifest.lock",
			);
			name = "[CP] Check Pods Manifest.lock";
			outputPaths = (
				"$(DERIVED_FILE_DIR)/Pods-fb-timetable-checkManifestLockResult.txt",
			);
			runOnlyForDeploymentPostprocessing = 0;
			shellPath = /bin/sh;
			shellScript = "diff \"${PODS_PODFILE_DIR_PATH}/Podfile.lock\" \"${PODS_ROOT}/Manifest.lock\" > /dev/null\nif [ $? != 0 ] ; then\n    # print error to STDERR\n    echo \"error: The sandbox is not in sync with the Podfile.lock. Run 'pod install' or update your CocoaPods installation.\" >&2\n    exit 1\nfi\n# This output is used by Xcode 'outputs' to avoid re-running this script phase.\necho \"SUCCESS\" > \"${SCRIPT_OUTPUT_FILE_0}\"\n";
			showEnvVarsInLog = 0;
		};
/* End PBXShellScriptBuildPhase section */

/* Begin PBXSourcesBuildPhase section */
		E882B83420FA99710067D9C0 /* Sources */ = {
			isa = PBXSourcesBuildPhase;
			buildActionMask = 2147483647;
			files = (
				E8EFB5F120FF84C300131CB5 /* FBCommonHelpers.m in Sources */,
				E882B84020FA99710067D9C0 /* MainViewController.m in Sources */,
				E815255420FF4A3200DB4BF4 /* FBSectionHeaderView.m in Sources */,
				E815255120FF39F700DB4BF4 /* UIColor+Hex.m in Sources */,
				E862D6D920FB782B00CEA180 /* FBStation.m in Sources */,
				E882B84B20FA99720067D9C0 /* main.m in Sources */,
				E862D6DC20FB795100CEA180 /* FBCoordinate.m in Sources */,
				E834328520FD06E600B86759 /* FBDateTime.m in Sources */,
				E815253620FDF55900DB4BF4 /* UIView+AutoLayout.m in Sources */,
				E862D6CC20FB55FF00CEA180 /* FBApiManager.m in Sources */,
				E8EFB5ED20FF80AC00131CB5 /* FBRouteSectionModel.m in Sources */,
				E862D6D520FB5F3600CEA180 /* FBRouteTimetable.m in Sources */,
				E862D6CF20FB57A800CEA180 /* FBApiSettings.m in Sources */,
				E862D6D220FB5B6300CEA180 /* FBAPIInitializer.m in Sources */,
				E8EFB5EA20FF803700131CB5 /* FBRouteTableModel.m in Sources */,
				E834328220FD05EF00B86759 /* FBRouteStop.m in Sources */,
				E8EFB5E720FF802800131CB5 /* FBRouteCellModel.m in Sources */,
				E815254E20FF353900DB4BF4 /* FBRouteStopTableViewCell.m in Sources */,
				E862D6C720FB545600CEA180 /* FBModelObject.m in Sources */,
				E8C968972100A24A00DADFC1 /* FBSplashView.m in Sources */,
				E882B83D20FA99710067D9C0 /* AppDelegate.m in Sources */,
			);
			runOnlyForDeploymentPostprocessing = 0;
		};
		E882B84C20FA99720067D9C0 /* Sources */ = {
			isa = PBXSourcesBuildPhase;
			buildActionMask = 2147483647;
			files = (
				E8C968A9210124D900DADFC1 /* FBCommonHelpers.m in Sources */,
				E882B85520FA99720067D9C0 /* fb_timetableTests.m in Sources */,
			);
			runOnlyForDeploymentPostprocessing = 0;
		};
/* End PBXSourcesBuildPhase section */

/* Begin PBXTargetDependency section */
		E882B85220FA99720067D9C0 /* PBXTargetDependency */ = {
			isa = PBXTargetDependency;
			target = E882B83720FA99710067D9C0 /* fb-timetable */;
			targetProxy = E882B85120FA99720067D9C0 /* PBXContainerItemProxy */;
		};
/* End PBXTargetDependency section */

/* Begin PBXVariantGroup section */
		E882B84620FA99720067D9C0 /* LaunchScreen.storyboard */ = {
			isa = PBXVariantGroup;
			children = (
				E882B84720FA99720067D9C0 /* Base */,
			);
			name = LaunchScreen.storyboard;
			sourceTree = "<group>";
		};
/* End PBXVariantGroup section */

/* Begin XCBuildConfiguration section */
		E882B86220FA99720067D9C0 /* Debug */ = {
			isa = XCBuildConfiguration;
			buildSettings = {
				ALWAYS_SEARCH_USER_PATHS = NO;
				CLANG_ANALYZER_NONNULL = YES;
				CLANG_ANALYZER_NUMBER_OBJECT_CONVERSION = YES_AGGRESSIVE;
				CLANG_CXX_LANGUAGE_STANDARD = "gnu++14";
				CLANG_CXX_LIBRARY = "libc++";
				CLANG_ENABLE_MODULES = YES;
				CLANG_ENABLE_OBJC_ARC = YES;
				CLANG_ENABLE_OBJC_WEAK = YES;
				CLANG_WARN_BLOCK_CAPTURE_AUTORELEASING = YES;
				CLANG_WARN_BOOL_CONVERSION = YES;
				CLANG_WARN_COMMA = YES;
				CLANG_WARN_CONSTANT_CONVERSION = YES;
				CLANG_WARN_DEPRECATED_OBJC_IMPLEMENTATIONS = YES;
				CLANG_WARN_DIRECT_OBJC_ISA_USAGE = YES_ERROR;
				CLANG_WARN_DOCUMENTATION_COMMENTS = YES;
				CLANG_WARN_EMPTY_BODY = YES;
				CLANG_WARN_ENUM_CONVERSION = YES;
				CLANG_WARN_INFINITE_RECURSION = YES;
				CLANG_WARN_INT_CONVERSION = YES;
				CLANG_WARN_NON_LITERAL_NULL_CONVERSION = YES;
				CLANG_WARN_OBJC_IMPLICIT_RETAIN_SELF = YES;
				CLANG_WARN_OBJC_LITERAL_CONVERSION = YES;
				CLANG_WARN_OBJC_ROOT_CLASS = YES_ERROR;
				CLANG_WARN_RANGE_LOOP_ANALYSIS = YES;
				CLANG_WARN_STRICT_PROTOTYPES = YES;
				CLANG_WARN_SUSPICIOUS_MOVE = YES;
				CLANG_WARN_UNGUARDED_AVAILABILITY = YES_AGGRESSIVE;
				CLANG_WARN_UNREACHABLE_CODE = YES;
				CLANG_WARN__DUPLICATE_METHOD_MATCH = YES;
				CODE_SIGN_IDENTITY = "iPhone Developer";
				COPY_PHASE_STRIP = NO;
				DEBUG_INFORMATION_FORMAT = dwarf;
				ENABLE_STRICT_OBJC_MSGSEND = YES;
				ENABLE_TESTABILITY = YES;
				GCC_C_LANGUAGE_STANDARD = gnu11;
				GCC_DYNAMIC_NO_PIC = NO;
				GCC_NO_COMMON_BLOCKS = YES;
				GCC_OPTIMIZATION_LEVEL = 0;
				GCC_PREPROCESSOR_DEFINITIONS = (
					"DEBUG=1",
					"$(inherited)",
				);
				GCC_WARN_64_TO_32_BIT_CONVERSION = YES;
				GCC_WARN_ABOUT_RETURN_TYPE = YES_ERROR;
				GCC_WARN_UNDECLARED_SELECTOR = YES;
				GCC_WARN_UNINITIALIZED_AUTOS = YES_AGGRESSIVE;
				GCC_WARN_UNUSED_FUNCTION = YES;
				GCC_WARN_UNUSED_VARIABLE = YES;
				IPHONEOS_DEPLOYMENT_TARGET = 11.4;
				MTL_ENABLE_DEBUG_INFO = YES;
				ONLY_ACTIVE_ARCH = YES;
				SDKROOT = iphoneos;
			};
			name = Debug;
		};
		E882B86320FA99720067D9C0 /* Release */ = {
			isa = XCBuildConfiguration;
			buildSettings = {
				ALWAYS_SEARCH_USER_PATHS = NO;
				CLANG_ANALYZER_NONNULL = YES;
				CLANG_ANALYZER_NUMBER_OBJECT_CONVERSION = YES_AGGRESSIVE;
				CLANG_CXX_LANGUAGE_STANDARD = "gnu++14";
				CLANG_CXX_LIBRARY = "libc++";
				CLANG_ENABLE_MODULES = YES;
				CLANG_ENABLE_OBJC_ARC = YES;
				CLANG_ENABLE_OBJC_WEAK = YES;
				CLANG_WARN_BLOCK_CAPTURE_AUTORELEASING = YES;
				CLANG_WARN_BOOL_CONVERSION = YES;
				CLANG_WARN_COMMA = YES;
				CLANG_WARN_CONSTANT_CONVERSION = YES;
				CLANG_WARN_DEPRECATED_OBJC_IMPLEMENTATIONS = YES;
				CLANG_WARN_DIRECT_OBJC_ISA_USAGE = YES_ERROR;
				CLANG_WARN_DOCUMENTATION_COMMENTS = YES;
				CLANG_WARN_EMPTY_BODY = YES;
				CLANG_WARN_ENUM_CONVERSION = YES;
				CLANG_WARN_INFINITE_RECURSION = YES;
				CLANG_WARN_INT_CONVERSION = YES;
				CLANG_WARN_NON_LITERAL_NULL_CONVERSION = YES;
				CLANG_WARN_OBJC_IMPLICIT_RETAIN_SELF = YES;
				CLANG_WARN_OBJC_LITERAL_CONVERSION = YES;
				CLANG_WARN_OBJC_ROOT_CLASS = YES_ERROR;
				CLANG_WARN_RANGE_LOOP_ANALYSIS = YES;
				CLANG_WARN_STRICT_PROTOTYPES = YES;
				CLANG_WARN_SUSPICIOUS_MOVE = YES;
				CLANG_WARN_UNGUARDED_AVAILABILITY = YES_AGGRESSIVE;
				CLANG_WARN_UNREACHABLE_CODE = YES;
				CLANG_WARN__DUPLICATE_METHOD_MATCH = YES;
				CODE_SIGN_IDENTITY = "iPhone Developer";
				COPY_PHASE_STRIP = NO;
				DEBUG_INFORMATION_FORMAT = "dwarf-with-dsym";
				ENABLE_NS_ASSERTIONS = NO;
				ENABLE_STRICT_OBJC_MSGSEND = YES;
				GCC_C_LANGUAGE_STANDARD = gnu11;
				GCC_NO_COMMON_BLOCKS = YES;
				GCC_WARN_64_TO_32_BIT_CONVERSION = YES;
				GCC_WARN_ABOUT_RETURN_TYPE = YES_ERROR;
				GCC_WARN_UNDECLARED_SELECTOR = YES;
				GCC_WARN_UNINITIALIZED_AUTOS = YES_AGGRESSIVE;
				GCC_WARN_UNUSED_FUNCTION = YES;
				GCC_WARN_UNUSED_VARIABLE = YES;
				IPHONEOS_DEPLOYMENT_TARGET = 11.4;
				MTL_ENABLE_DEBUG_INFO = NO;
				SDKROOT = iphoneos;
				VALIDATE_PRODUCT = YES;
			};
			name = Release;
		};
		E882B86520FA99720067D9C0 /* Debug */ = {
			isa = XCBuildConfiguration;
			baseConfigurationReference = 888FC5B14AC0AF1F7D7A3E56 /* Pods-fb-timetable.debug.xcconfig */;
			buildSettings = {
				ASSETCATALOG_COMPILER_APPICON_NAME = AppIcon;
				CODE_SIGN_STYLE = Automatic;
				DEVELOPMENT_TEAM = L2VF9Y9HZL;
				INFOPLIST_FILE = "fb-timetable/Info.plist";
				IPHONEOS_DEPLOYMENT_TARGET = 9.0;
				LD_RUNPATH_SEARCH_PATHS = (
					"$(inherited)",
					"@executable_path/Frameworks",
				);
				PRODUCT_BUNDLE_IDENTIFIER = "com.acyooman.fb-timetable";
				PRODUCT_NAME = "$(TARGET_NAME)";
				TARGETED_DEVICE_FAMILY = "1,2";
			};
			name = Debug;
		};
		E882B86620FA99720067D9C0 /* Release */ = {
			isa = XCBuildConfiguration;
			baseConfigurationReference = A82012B484F8EAD4B765F2CE /* Pods-fb-timetable.release.xcconfig */;
			buildSettings = {
				ASSETCATALOG_COMPILER_APPICON_NAME = AppIcon;
				CODE_SIGN_STYLE = Automatic;
				DEVELOPMENT_TEAM = L2VF9Y9HZL;
				INFOPLIST_FILE = "fb-timetable/Info.plist";
				IPHONEOS_DEPLOYMENT_TARGET = 9.0;
				LD_RUNPATH_SEARCH_PATHS = (
					"$(inherited)",
					"@executable_path/Frameworks",
				);
				PRODUCT_BUNDLE_IDENTIFIER = "com.acyooman.fb-timetable";
				PRODUCT_NAME = "$(TARGET_NAME)";
				TARGETED_DEVICE_FAMILY = "1,2";
			};
			name = Release;
		};
		E882B86820FA99720067D9C0 /* Debug */ = {
			isa = XCBuildConfiguration;
			buildSettings = {
				BUNDLE_LOADER = "$(TEST_HOST)";
				CODE_SIGN_STYLE = Automatic;
				DEVELOPMENT_TEAM = L2VF9Y9HZL;
				INFOPLIST_FILE = "fb-timetableTests/Info.plist";
				LD_RUNPATH_SEARCH_PATHS = (
					"$(inherited)",
					"@executable_path/Frameworks",
					"@loader_path/Frameworks",
				);
				PRODUCT_BUNDLE_IDENTIFIER = "com.acyooman.fb-timetableTests";
				PRODUCT_NAME = "$(TARGET_NAME)";
				TARGETED_DEVICE_FAMILY = "1,2";
				TEST_HOST = "$(BUILT_PRODUCTS_DIR)/fb-timetable.app/fb-timetable";
			};
			name = Debug;
		};
		E882B86920FA99720067D9C0 /* Release */ = {
			isa = XCBuildConfiguration;
			buildSettings = {
				BUNDLE_LOADER = "$(TEST_HOST)";
				CODE_SIGN_STYLE = Automatic;
				DEVELOPMENT_TEAM = L2VF9Y9HZL;
				INFOPLIST_FILE = "fb-timetableTests/Info.plist";
				LD_RUNPATH_SEARCH_PATHS = (
					"$(inherited)",
					"@executable_path/Frameworks",
					"@loader_path/Frameworks",
				);
				PRODUCT_BUNDLE_IDENTIFIER = "com.acyooman.fb-timetableTests";
				PRODUCT_NAME = "$(TARGET_NAME)";
				TARGETED_DEVICE_FAMILY = "1,2";
				TEST_HOST = "$(BUILT_PRODUCTS_DIR)/fb-timetable.app/fb-timetable";
			};
			name = Release;
		};
/* End XCBuildConfiguration section */

/* Begin XCConfigurationList section */
		E882B83320FA99710067D9C0 /* Build configuration list for PBXProject "fb-timetable" */ = {
			isa = XCConfigurationList;
			buildConfigurations = (
				E882B86220FA99720067D9C0 /* Debug */,
				E882B86320FA99720067D9C0 /* Release */,
			);
			defaultConfigurationIsVisible = 0;
			defaultConfigurationName = Release;
		};
		E882B86420FA99720067D9C0 /* Build configuration list for PBXNativeTarget "fb-timetable" */ = {
			isa = XCConfigurationList;
			buildConfigurations = (
				E882B86520FA99720067D9C0 /* Debug */,
				E882B86620FA99720067D9C0 /* Release */,
			);
			defaultConfigurationIsVisible = 0;
			defaultConfigurationName = Release;
		};
		E882B86720FA99720067D9C0 /* Build configuration list for PBXNativeTarget "fb-timetableTests" */ = {
			isa = XCConfigurationList;
			buildConfigurations = (
				E882B86820FA99720067D9C0 /* Debug */,
				E882B86920FA99720067D9C0 /* Release */,
			);
			defaultConfigurationIsVisible = 0;
			defaultConfigurationName = Release;
		};
/* End XCConfigurationList section */
	};
	rootObject = E882B83020FA99710067D9C0 /* Project object */;
}
